github.com/martignoni/hugo-notice v0.0.0-20250320135530-d7e24b0222d4 h1:rrCIACq6uJVIVqQNSBNukxW4KbH/Hv9VN3nfLbYwClI=
github.com/martignoni/hugo-notice v0.0.0-20250320135530-d7e24b0222d4/go.mod h1:MIQPOMgEcbyRC0gNLzQFSgrS+wIy3RuQ/HbaZYtTOKU=
github.com/nanxiaobei/hugo-paper v0.0.0-20250419060945-8c75cdd9ce53 h1:VoP3cjNl0DDqtPIMIFDs3vSKmmgXBDrQD6mTOICgf/k=
github.com/nanxiaobei/hugo-paper v0.0.0-20250419060945-8c75cdd9ce53/go.mod h1:cS2hTYPgmZ2FkPTQbOiX6vB0yLQcWD067kJx2lkRPVQ=
